{
    "_meta": {
        "hash": {
            "sha256": "f6962675340263347343fa7be89ca59cd87de1ec07c52f86c2be15a28113a9fb"
        },
        "pipfile-spec": 6,
        "requires": {
            "python_version": "3"
        },
        "sources": [
            {
                "name": "pypi",
                "url": "https://pypi.python.org/simple",
                "verify_ssl": true
            }
        ]
    },
    "default": {
        "appdirs": {
            "hashes": [
                "sha256:7d5d0167b2b1ba821647616af46a749d1c653740dd0d2415100fe26e27afdf41",
                "sha256:a841dacd6b99318a741b166adb07e19ee71a274450e68237b4650ca1055ab128"
            ],
            "version": "==1.4.4"
        },
        "astor": {
            "hashes": [
                "sha256:070a54e890cefb5b3739d19f30f5a5ec840ffc9c50ffa7d23cc9fc1a38ebbfc5",
                "sha256:6a6effda93f4e1ce9f618779b2dd1d9d84f1e32812c23a29b3fff6fd7f63fa5e"
            ],
            "markers": "python_version >= '2.7' and python_version not in '3.0, 3.1, 3.2, 3.3'",
            "version": "==0.8.1"
        },
        "attrs": {
            "hashes": [
                "sha256:2d27e3784d7a565d36ab851fe94887c5eccd6a463168875832a1be79c82828b4",
                "sha256:626ba8234211db98e869df76230a137c4c40a12d72445c45d5f5b716f076e2fd"
            ],
            "markers": "python_version >= '2.7' and python_version not in '3.0, 3.1, 3.2, 3.3, 3.4'",
            "version": "==21.4.0"
        },
        "boltons": {
            "hashes": [
                "sha256:65e70a79a731a7fe6e98592ecfb5ccf2115873d01dbc576079874629e5c90f13",
                "sha256:b9bb7b58b2b420bbe11a6025fdef6d3e5edc9f76a42fb467afe7ca212ef9948b"
            ],
            "version": "==21.0.0"
        },
        "certifi": {
            "hashes": [
                "sha256:78884e7c1d4b00ce3cea67b44566851c4343c120abd683433ce934a68ea58872",
                "sha256:d62a0163eb4c2344ac042ab2bdf75399a71a2d8c7d47eac2e2ee91b9d6339569"
            ],
            "version": "==2021.10.8"
        },
        "cffi": {
            "hashes": [
                "sha256:00c878c90cb53ccfaae6b8bc18ad05d2036553e6d9d1d9dbcf323bbe83854ca3",
                "sha256:0104fb5ae2391d46a4cb082abdd5c69ea4eab79d8d44eaaf79f1b1fd806ee4c2",
                "sha256:06c48159c1abed75c2e721b1715c379fa3200c7784271b3c46df01383b593636",
                "sha256:0808014eb713677ec1292301ea4c81ad277b6cdf2fdd90fd540af98c0b101d20",
                "sha256:10dffb601ccfb65262a27233ac273d552ddc4d8ae1bf93b21c94b8511bffe728",
                "sha256:14cd121ea63ecdae71efa69c15c5543a4b5fbcd0bbe2aad864baca0063cecf27",
                "sha256:17771976e82e9f94976180f76468546834d22a7cc404b17c22df2a2c81db0c66",
                "sha256:181dee03b1170ff1969489acf1c26533710231c58f95534e3edac87fff06c443",
                "sha256:23cfe892bd5dd8941608f93348c0737e369e51c100d03718f108bf1add7bd6d0",
                "sha256:263cc3d821c4ab2213cbe8cd8b355a7f72a8324577dc865ef98487c1aeee2bc7",
                "sha256:2756c88cbb94231c7a147402476be2c4df2f6078099a6f4a480d239a8817ae39",
                "sha256:27c219baf94952ae9d50ec19651a687b826792055353d07648a5695413e0c605",
                "sha256:2a23af14f408d53d5e6cd4e3d9a24ff9e05906ad574822a10563efcef137979a",
                "sha256:31fb708d9d7c3f49a60f04cf5b119aeefe5644daba1cd2a0fe389b674fd1de37",
                "sha256:3415c89f9204ee60cd09b235810be700e993e343a408693e80ce7f6a40108029",
                "sha256:3773c4d81e6e818df2efbc7dd77325ca0dcb688116050fb2b3011218eda36139",
                "sha256:3b96a311ac60a3f6be21d2572e46ce67f09abcf4d09344c49274eb9e0bf345fc",
                "sha256:3f7d084648d77af029acb79a0ff49a0ad7e9d09057a9bf46596dac9514dc07df",
                "sha256:41d45de54cd277a7878919867c0f08b0cf817605e4eb94093e7516505d3c8d14",
                "sha256:4238e6dab5d6a8ba812de994bbb0a79bddbdf80994e4ce802b6f6f3142fcc880",
                "sha256:45db3a33139e9c8f7c09234b5784a5e33d31fd6907800b316decad50af323ff2",
                "sha256:45e8636704eacc432a206ac7345a5d3d2c62d95a507ec70d62f23cd91770482a",
                "sha256:4958391dbd6249d7ad855b9ca88fae690783a6be9e86df65865058ed81fc860e",
                "sha256:4a306fa632e8f0928956a41fa8e1d6243c71e7eb59ffbd165fc0b41e316b2474",
                "sha256:57e9ac9ccc3101fac9d6014fba037473e4358ef4e89f8e181f8951a2c0162024",
                "sha256:59888172256cac5629e60e72e86598027aca6bf01fa2465bdb676d37636573e8",
                "sha256:5e069f72d497312b24fcc02073d70cb989045d1c91cbd53979366077959933e0",
                "sha256:64d4ec9f448dfe041705426000cc13e34e6e5bb13736e9fd62e34a0b0c41566e",
                "sha256:6dc2737a3674b3e344847c8686cf29e500584ccad76204efea14f451d4cc669a",
                "sha256:74fdfdbfdc48d3f47148976f49fab3251e550a8720bebc99bf1483f5bfb5db3e",
                "sha256:75e4024375654472cc27e91cbe9eaa08567f7fbdf822638be2814ce059f58032",
                "sha256:786902fb9ba7433aae840e0ed609f45c7bcd4e225ebb9c753aa39725bb3e6ad6",
                "sha256:8b6c2ea03845c9f501ed1313e78de148cd3f6cad741a75d43a29b43da27f2e1e",
                "sha256:91d77d2a782be4274da750752bb1650a97bfd8f291022b379bb8e01c66b4e96b",
                "sha256:91ec59c33514b7c7559a6acda53bbfe1b283949c34fe7440bcf917f96ac0723e",
                "sha256:920f0d66a896c2d99f0adbb391f990a84091179542c205fa53ce5787aff87954",
                "sha256:a5263e363c27b653a90078143adb3d076c1a748ec9ecc78ea2fb916f9b861962",
                "sha256:abb9a20a72ac4e0fdb50dae135ba5e77880518e742077ced47eb1499e29a443c",
                "sha256:c2051981a968d7de9dd2d7b87bcb9c939c74a34626a6e2f8181455dd49ed69e4",
                "sha256:c21c9e3896c23007803a875460fb786118f0cdd4434359577ea25eb556e34c55",
                "sha256:c2502a1a03b6312837279c8c1bd3ebedf6c12c4228ddbad40912d671ccc8a962",
                "sha256:d4d692a89c5cf08a8557fdeb329b82e7bf609aadfaed6c0d79f5a449a3c7c023",
                "sha256:da5db4e883f1ce37f55c667e5c0de439df76ac4cb55964655906306918e7363c",
                "sha256:e7022a66d9b55e93e1a845d8c9eba2a1bebd4966cd8bfc25d9cd07d515b33fa6",
                "sha256:ef1f279350da2c586a69d32fc8733092fd32cc8ac95139a00377841f59a3f8d8",
                "sha256:f54a64f8b0c8ff0b64d18aa76675262e1700f3995182267998c31ae974fbc382",
                "sha256:f5c7150ad32ba43a07c4479f40241756145a1f03b43480e058cfd862bf5041c7",
                "sha256:f6f824dc3bce0edab5f427efcfb1d63ee75b6fcb7282900ccaf925be84efb0fc",
                "sha256:fd8a250edc26254fe5b33be00402e6d287f562b6a5b2152dec302fa15bb3e997",
                "sha256:ffaa5c925128e29efbde7301d8ecaf35c8c60ffbcd6a1ffd3a552177c8e5e796"
            ],
            "version": "==1.15.0"
        },
        "charset-normalizer": {
            "hashes": [
                "sha256:2857e29ff0d34db842cd7ca3230549d1a697f96ee6d3fb071cfa6c7393832597",
                "sha256:6881edbebdb17b39b4eaaa821b438bf6eddffb4468cf344f09f89def34a8b1df"
            ],
            "markers": "python_version >= '3'",
            "version": "==2.0.12"
        },
        "click": {
            "hashes": [
                "sha256:7682dc8afb30297001674575ea00d1814d808d6a36af415a82bd481d37ba7b8e",
                "sha256:bb4d8133cb15a609f44e8213d9b391b0809795062913b383c62be0ee95b1db48"
            ],
            "markers": "python_version >= '3.7'",
            "version": "==8.1.3"
        },
        "colorama": {
            "hashes": [
                "sha256:5941b2b48a20143d2267e95b1c2a7603ce057ee39fd88e7329b0c292aa16869b",
                "sha256:9f47eda37229f68eee03b24b9748937c7dc3868f906e8ba69fbcbdd3bc5dc3e2"
            ],
            "index": "pypi",
            "version": "==0.4.4"
        },
        "face": {
            "hashes": [
                "sha256:3790311a7329e4b0d90baee346eecad54b337629576edf3a246683a5f0d24446",
                "sha256:7d59ca5ba341316e58cf72c6aff85cca2541cf5056c4af45cb63af9a814bed3e"
            ],
            "version": "==20.1.1"
        },
        "fclist-cffi": {
            "hashes": [
                "sha256:1bb3c039156b8b1913b9e582d4a8f1a48b3d8ea56e5152d604c020874a7e779a",
                "sha256:e8d0eff93f40a60f611db67aef13283a2de23314b42b6a161d413d3827bc8c04"
            ],
            "index": "pypi",
            "version": "==1.1.2"
        },
        "flask": {
            "hashes": [
                "sha256:7b2fb8e934ddd50731893bdcdb00fc8c0315916f9fcd50d22c7cc1a95ab634e2",
                "sha256:cb90f62f1d8e4dc4621f52106613488b5ba826b2e1e10a33eac92f723093ab6a"
            ],
            "index": "pypi",
            "version": "==2.0.2"
        },
        "flask-cors": {
            "hashes": [
                "sha256:74efc975af1194fc7891ff5cd85b0f7478be4f7f59fe158102e91abb72bb4438",
                "sha256:b60839393f3b84a0f3746f6cdca56c1ad7426aa738b70d6c61375857823181de"
            ],
            "index": "pypi",
            "version": "==3.0.10"
        },
        "funcparserlib": {
            "hashes": [
                "sha256:280fa30e608d547581d65f9294f9bbda7475da86d85119079da4a8402315025f",
                "sha256:7dd33dd4299fc55cbdbf4b9fdfb3abc54d3b5ed0c694b83fb38e9e3e8ac38b6b"
            ],
            "markers": "python_version >= '2.7' and python_version not in '3.0, 3.1, 3.2, 3.3, 3.4, 3.5, 3.6'",
            "version": "==1.0.0"
        },
        "glom": {
            "hashes": [
                "sha256:54051072bccc9cdb3ebbd8af0559195137a61d308f04bff19678e4b61350eb12",
                "sha256:566f723ecac64d8bd93b3c33fbfd4d5ea7cb2842b5286a19f48c66240408b55f"
            ],
            "index": "pypi",
            "version": "==20.11.0"
        },
        "gunicorn": {
            "hashes": [
                "sha256:9dcc4547dbb1cb284accfb15ab5667a0e5d1881cc443e0677b4882a4067a807e",
                "sha256:e0a968b5ba15f8a328fdfd7ab1fcb5af4470c28aaf7e55df02a99bc13138e6e8"
            ],
            "index": "pypi",
            "version": "==20.1.0"
        },
        "hy": {
            "hashes": [
                "sha256:1b72863754fb57e2dd275a9775bf621cb50a565e76733a2e74e9954e7fbb060e",
                "sha256:f4c6cdf6ee04e6d94fd8b5c6e8389bd99df4c672d570b3eb847615a5f882047c"
            ],
            "index": "pypi",
            "version": "==0.20.0"
        },
        "idna": {
            "hashes": [
                "sha256:84d9dd047ffa80596e0f246e2eab0b391788b0503584e8945f2368256d2735ff",
                "sha256:9d643ff0a55b762d5cdb124b8eaa99c66322e2157b69160bc32796e824360e6d"
            ],
            "markers": "python_version >= '3'",
            "version": "==3.3"
        },
        "itsdangerous": {
            "hashes": [
                "sha256:2c2349112351b88699d8d4b6b075022c0808887cb7ad10069318a8b0bc88db44",
                "sha256:5dbbc68b317e5e42f327f9021763545dc3fc3bfe22e6deb96aaf1fc38874156a"
            ],
            "markers": "python_version >= '3.7'",
            "version": "==2.1.2"
        },
        "jinja2": {
            "hashes": [
                "sha256:31351a702a408a9e7595a8fc6150fc3f43bb6bf7e319770cbc0db9df9437e852",
                "sha256:6088930bfe239f0e6710546ab9c19c9ef35e29792895fed6e6e31a023a182a61"
            ],
            "markers": "python_version >= '3.7'",
            "version": "==3.1.2"
        },
        "markupsafe": {
            "hashes": [
                "sha256:0212a68688482dc52b2d45013df70d169f542b7394fc744c02a57374a4207003",
                "sha256:089cf3dbf0cd6c100f02945abeb18484bd1ee57a079aefd52cffd17fba910b88",
                "sha256:10c1bfff05d95783da83491be968e8fe789263689c02724e0c691933c52994f5",
                "sha256:33b74d289bd2f5e527beadcaa3f401e0df0a89927c1559c8566c066fa4248ab7",
                "sha256:3799351e2336dc91ea70b034983ee71cf2f9533cdff7c14c90ea126bfd95d65a",
                "sha256:3ce11ee3f23f79dbd06fb3d63e2f6af7b12db1d46932fe7bd8afa259a5996603",
                "sha256:421be9fbf0ffe9ffd7a378aafebbf6f4602d564d34be190fc19a193232fd12b1",
                "sha256:43093fb83d8343aac0b1baa75516da6092f58f41200907ef92448ecab8825135",
                "sha256:46d00d6cfecdde84d40e572d63735ef81423ad31184100411e6e3388d405e247",
                "sha256:4a33dea2b688b3190ee12bd7cfa29d39c9ed176bda40bfa11099a3ce5d3a7ac6",
                "sha256:4b9fe39a2ccc108a4accc2676e77da025ce383c108593d65cc909add5c3bd601",
                "sha256:56442863ed2b06d19c37f94d999035e15ee982988920e12a5b4ba29b62ad1f77",
                "sha256:671cd1187ed5e62818414afe79ed29da836dde67166a9fac6d435873c44fdd02",
                "sha256:694deca8d702d5db21ec83983ce0bb4b26a578e71fbdbd4fdcd387daa90e4d5e",
                "sha256:6a074d34ee7a5ce3effbc526b7083ec9731bb3cbf921bbe1d3005d4d2bdb3a63",
                "sha256:6d0072fea50feec76a4c418096652f2c3238eaa014b2f94aeb1d56a66b41403f",
                "sha256:6fbf47b5d3728c6aea2abb0589b5d30459e369baa772e0f37a0320185e87c980",
                "sha256:7f91197cc9e48f989d12e4e6fbc46495c446636dfc81b9ccf50bb0ec74b91d4b",
                "sha256:86b1f75c4e7c2ac2ccdaec2b9022845dbb81880ca318bb7a0a01fbf7813e3812",
                "sha256:8dc1c72a69aa7e082593c4a203dcf94ddb74bb5c8a731e4e1eb68d031e8498ff",
                "sha256:8e3dcf21f367459434c18e71b2a9532d96547aef8a871872a5bd69a715c15f96",
                "sha256:8e576a51ad59e4bfaac456023a78f6b5e6e7651dcd383bcc3e18d06f9b55d6d1",
                "sha256:96e37a3dc86e80bf81758c152fe66dbf60ed5eca3d26305edf01892257049925",
                "sha256:97a68e6ada378df82bc9f16b800ab77cbf4b2fada0081794318520138c088e4a",
                "sha256:99a2a507ed3ac881b975a2976d59f38c19386d128e7a9a18b7df6fff1fd4c1d6",
                "sha256:a49907dd8420c5685cfa064a1335b6754b74541bbb3706c259c02ed65b644b3e",
                "sha256:b09bf97215625a311f669476f44b8b318b075847b49316d3e28c08e41a7a573f",
                "sha256:b7bd98b796e2b6553da7225aeb61f447f80a1ca64f41d83612e6139ca5213aa4",
                "sha256:b87db4360013327109564f0e591bd2a3b318547bcef31b468a92ee504d07ae4f",
                "sha256:bcb3ed405ed3222f9904899563d6fc492ff75cce56cba05e32eff40e6acbeaa3",
                "sha256:d4306c36ca495956b6d568d276ac11fdd9c30a36f1b6eb928070dc5360b22e1c",
                "sha256:d5ee4f386140395a2c818d149221149c54849dfcfcb9f1debfe07a8b8bd63f9a",
                "sha256:dda30ba7e87fbbb7eab1ec9f58678558fd9a6b8b853530e176eabd064da81417",
                "sha256:e04e26803c9c3851c931eac40c695602c6295b8d432cbe78609649ad9bd2da8a",
                "sha256:e1c0b87e09fa55a220f058d1d49d3fb8df88fbfab58558f1198e08c1e1de842a",
                "sha256:e72591e9ecd94d7feb70c1cbd7be7b3ebea3f548870aa91e2732960fa4d57a37",
                "sha256:e8c843bbcda3a2f1e3c2ab25913c80a3c5376cd00c6e8c4a86a89a28c8dc5452",
                "sha256:efc1913fd2ca4f334418481c7e595c00aad186563bbc1ec76067848c7ca0a933",
                "sha256:f121a1420d4e173a5d96e47e9a0c0dcff965afdf1626d28de1460815f7c4ee7a",
                "sha256:fc7b548b17d238737688817ab67deebb30e8073c95749d55538ed473130ec0c7"
            ],
            "markers": "python_version >= '3.7'",
            "version": "==2.1.1"
        },
        "msgpack": {
            "hashes": [
                "sha256:0cb94ee48675a45d3b86e61d13c1e6f1696f0183f0715544976356ff86f741d9",
                "sha256:1026dcc10537d27dd2d26c327e552f05ce148977e9d7b9f1718748281b38c841",
                "sha256:26a1759f1a88df5f1d0b393eb582ec022326994e311ba9c5818adc5374736439",
                "sha256:2a5866bdc88d77f6e1370f82f2371c9bc6fc92fe898fa2dec0c5d4f5435a2694",
                "sha256:31c17bbf2ae5e29e48d794c693b7ca7a0c73bd4280976d408c53df421e838d2a",
                "sha256:497d2c12426adcd27ab83144057a705efb6acc7e85957a51d43cdcf7f258900f",
                "sha256:5a9ee2540c78659a1dd0b110f73773533ee3108d4e1219b5a15a8d635b7aca0e",
                "sha256:8521e5be9e3b93d4d5e07cb80b7e32353264d143c1f072309e1863174c6aadb1",
                "sha256:87869ba567fe371c4555d2e11e4948778ab6b59d6cc9d8460d543e4cfbbddd1c",
                "sha256:8ffb24a3b7518e843cd83538cf859e026d24ec41ac5721c18ed0c55101f9775b",
                "sha256:92be4b12de4806d3c36810b0fe2aeedd8d493db39e2eb90742b9c09299eb5759",
                "sha256:9ea52fff0473f9f3000987f313310208c879493491ef3ccf66268eff8d5a0326",
                "sha256:a4355d2193106c7aa77c98fc955252a737d8550320ecdb2e9ac701e15e2943bc",
                "sha256:a99b144475230982aee16b3d249170f1cccebf27fb0a08e9f603b69637a62192",
                "sha256:ac25f3e0513f6673e8b405c3a80500eb7be1cf8f57584be524c4fa78fe8e0c83",
                "sha256:b28c0876cce1466d7c2195d7658cf50e4730667196e2f1355c4209444717ee06",
                "sha256:b55f7db883530b74c857e50e149126b91bb75d35c08b28db12dcb0346f15e46e",
                "sha256:b6d9e2dae081aa35c44af9c4298de4ee72991305503442a5c74656d82b581fe9",
                "sha256:c747c0cc08bd6d72a586310bda6ea72eeb28e7505990f342552315b229a19b33",
                "sha256:d6c64601af8f3893d17ec233237030e3110f11b8a962cb66720bf70c0141aa54",
                "sha256:d8167b84af26654c1124857d71650404336f4eb5cc06900667a493fc619ddd9f",
                "sha256:de6bd7990a2c2dabe926b7e62a92886ccbf809425c347ae7de277067f97c2887",
                "sha256:e36a812ef4705a291cdb4a2fd352f013134f26c6ff63477f20235138d1d21009",
                "sha256:e89ec55871ed5473a041c0495b7b4e6099f6263438e0bd04ccd8418f92d5d7f2",
                "sha256:f3e6aaf217ac1c7ce1563cf52a2f4f5d5b1f64e8729d794165db71da57257f0c",
                "sha256:f484cd2dca68502de3704f056fa9b318c94b1539ed17a4c784266df5d6978c87",
                "sha256:fae04496f5bc150eefad4e9571d1a76c55d021325dcd484ce45065ebbdd00984",
                "sha256:fe07bc6735d08e492a327f496b7850e98cb4d112c56df69b0c844dbebcbb47f6"
            ],
            "index": "pypi",
            "version": "==1.0.2"
        },
        "pycparser": {
            "hashes": [
                "sha256:8ee45429555515e1f6b185e78100aea234072576aa43ab53aefcae078162fca9",
                "sha256:e644fdec12f7872f86c58ff790da456218b10f863970249516d60a5eaca77206"
            ],
            "markers": "python_version >= '2.7' and python_version not in '3.0, 3.1, 3.2, 3.3'",
            "version": "==2.21"
        },
        "pyzmq": {
            "hashes": [
                "sha256:08c4e315a76ef26eb833511ebf3fa87d182152adf43dedee8d79f998a2162a0b",
                "sha256:0ca6cd58f62a2751728016d40082008d3b3412a7f28ddfb4a2f0d3c130f69e74",
                "sha256:1621e7a2af72cced1f6ec8ca8ca91d0f76ac236ab2e8828ac8fe909512d566cb",
                "sha256:18cd854b423fce44951c3a4d3e686bac8f1243d954f579e120a1714096637cc0",
                "sha256:2841997a0d85b998cbafecb4183caf51fd19c4357075dfd33eb7efea57e4c149",
                "sha256:2b97502c16a5ec611cd52410bdfaab264997c627a46b0f98d3f666227fd1ea2d",
                "sha256:3a4c9886d61d386b2b493377d980f502186cd71d501fffdba52bd2a0880cef4f",
                "sha256:3c1895c95be92600233e476fe283f042e71cf8f0b938aabf21b7aafa62a8dac9",
                "sha256:42abddebe2c6a35180ca549fadc7228d23c1e1f76167c5ebc8a936b5804ea2df",
                "sha256:468bd59a588e276961a918a3060948ae68f6ff5a7fa10bb2f9160c18fe341067",
                "sha256:480b9931bfb08bf8b094edd4836271d4d6b44150da051547d8c7113bf947a8b0",
                "sha256:53f4fd13976789ffafedd4d46f954c7bb01146121812b72b4ddca286034df966",
                "sha256:62bcade20813796c426409a3e7423862d50ff0639f5a2a95be4b85b09a618666",
                "sha256:67db33bea0a29d03e6eeec55a8190e033318cee3cbc732ba8fd939617cbf762d",
                "sha256:6b217b8f9dfb6628f74b94bdaf9f7408708cb02167d644edca33f38746ca12dd",
                "sha256:7661fc1d5cb73481cf710a1418a4e1e301ed7d5d924f91c67ba84b2a1b89defd",
                "sha256:76c532fd68b93998aab92356be280deec5de8f8fe59cd28763d2cc8a58747b7f",
                "sha256:79244b9e97948eaf38695f4b8e6fc63b14b78cc37f403c6642ba555517ac1268",
                "sha256:7c58f598d9fcc52772b89a92d72bf8829c12d09746a6d2c724c5b30076c1f11d",
                "sha256:7dc09198e4073e6015d9a8ea093fc348d4e59de49382476940c3dd9ae156fba8",
                "sha256:80e043a89c6cadefd3a0712f8a1322038e819ebe9dbac7eca3bce1721bcb63bf",
                "sha256:851977788b9caa8ed011f5f643d3ee8653af02c5fc723fa350db5125abf2be7b",
                "sha256:8eddc033e716f8c91c6a2112f0a8ebc5e00532b4a6ae1eb0ccc48e027f9c671c",
                "sha256:902319cfe23366595d3fa769b5b751e6ee6750a0a64c5d9f757d624b2ac3519e",
                "sha256:954e73c9cd4d6ae319f1c936ad159072b6d356a92dcbbabfd6e6204b9a79d356",
                "sha256:ab888624ed68930442a3f3b0b921ad7439c51ba122dbc8c386e6487a658e4a4e",
                "sha256:acebba1a23fb9d72b42471c3771b6f2f18dcd46df77482612054bd45c07dfa36",
                "sha256:b4ebed0977f92320f6686c96e9e8dd29eed199eb8d066936bac991afc37cbb70",
                "sha256:badb868fff14cfd0e200eaa845887b1011146a7d26d579aaa7f966c203736b92",
                "sha256:be4e0f229cf3a71f9ecd633566bd6f80d9fa6afaaff5489492be63fe459ef98c",
                "sha256:c0f84360dcca3481e8674393bdf931f9f10470988f87311b19d23cda869bb6b7",
                "sha256:c1e41b32d6f7f9c26bc731a8b529ff592f31fc8b6ef2be9fa74abd05c8a342d7",
                "sha256:c88fa7410e9fc471e0858638f403739ee869924dd8e4ae26748496466e27ac59",
                "sha256:cf98fd7a6c8aaa08dbc699ffae33fd71175696d78028281bc7b832b26f00ca57",
                "sha256:d072f7dfbdb184f0786d63bda26e8a0882041b1e393fbe98940395f7fab4c5e2",
                "sha256:d1b5d457acbadcf8b27561deeaa386b0217f47626b29672fa7bd31deb6e91e1b",
                "sha256:d3dcb5548ead4f1123851a5ced467791f6986d68c656bc63bfff1bf9e36671e2",
                "sha256:d6157793719de168b199194f6b6173f0ccd3bf3499e6870fac17086072e39115",
                "sha256:d728b08448e5ac3e4d886b165385a262883c34b84a7fe1166277fe675e1c197a",
                "sha256:de8df0684398bd74ad160afdc2a118ca28384ac6f5e234eb0508858d8d2d9364",
                "sha256:e6a02cf7271ee94674a44f4e62aa061d2d049001c844657740e156596298b70b",
                "sha256:ea12133df25e3a6918718fbb9a510c6ee5d3fdd5a346320421aac3882f4feeea",
                "sha256:ea5a79e808baef98c48c884effce05c31a0698c1057de8fc1c688891043c1ce1",
                "sha256:f43b4a2e6218371dd4f41e547bd919ceeb6ebf4abf31a7a0669cd11cd91ea973",
                "sha256:f762442bab706fd874064ca218b33a1d8e40d4938e96c24dafd9b12e28017f45",
                "sha256:f89468059ebc519a7acde1ee50b779019535db8dcf9b8c162ef669257fef7a93",
                "sha256:f907c7359ce8bf7f7e63c82f75ad0223384105f5126f313400b7e8004d9b33c3"
            ],
            "index": "pypi",
            "version": "==22.3.0"
        },
        "requests": {
            "hashes": [
                "sha256:6c1246513ecd5ecd4528a0906f910e8f0f9c6b8ec72030dc9fd154dc1a6efd24",
                "sha256:b8aa58f8cf793ffd8782d3d8cb19e66ef36f7aba4353eec859e74678b01b07a7"
            ],
            "index": "pypi",
            "version": "==2.26.0"
        },
        "rply": {
            "hashes": [
                "sha256:28ffd11d656c48aeb8c508eb382acd6a0bd906662624b34388751732a27807e7",
                "sha256:2a808ac25a4580a9991fc304d64434e299a8fc75760574492f242cbb5bb301c9"
            ],
            "version": "==0.7.8"
        },
        "setuptools": {
            "hashes": [
                "sha256:5534570b9980fc650d45c62877ff603c7aaaf24893371708736cc016bd221c3c",
                "sha256:ca6ba73b7fd5f734ae70ece8c4c1f7062b07f3352f6428f6277e27c8f5c64237"
            ],
            "markers": "python_version >= '3.7'",
            "version": "==62.2.0"
        },
        "six": {
            "hashes": [
                "sha256:1e61c37477a1626458e36f7b1d82aa5c9b094fa4802892072e49de9c60c4c926",
                "sha256:8abb2f1d86890a2dfb989f9a77cfcfd3e47c2a354b01111771326f8aa26e0254"
            ],
            "markers": "python_version >= '2.7' and python_version not in '3.0, 3.1, 3.2, 3.3'",
            "version": "==1.16.0"
        },
        "texlivemetadata": {
            "hashes": [
                "sha256:54286472fc40dce59c4be5925caeb4fe1bbec6a4aa65d9c1fa27a72532e54f4e",
                "sha256:60634317d21bbf321e93c9db36a933774fec24015077b49448e37fd99d88d130"
            ],
            "index": "pypi",
            "version": "==0.1.3"
        },
        "urllib3": {
            "hashes": [
                "sha256:4987c65554f7a2dbf30c18fd48778ef124af6fab771a377103da0585e2336ece",
                "sha256:c4fdf4019605b6e5423637e01bc9fe4daef873709a7973e195ceba0a62bbc844"
            ],
            "index": "pypi",
            "version": "==1.26.7"
        },
        "werkzeug": {
            "hashes": [
                "sha256:1ce08e8093ed67d638d63879fd1ba3735817f7a80de3674d293f5984f25fb6e6",
                "sha256:72a4b735692dd3135217911cbeaa1be5fa3f62bffb8745c5215420a03dc55255"
            ],
            "markers": "python_version >= '3.7'",
            "version": "==2.1.2"
        }
    },
    "develop": {
        "attrs": {
            "hashes": [
                "sha256:2d27e3784d7a565d36ab851fe94887c5eccd6a463168875832a1be79c82828b4",
                "sha256:626ba8234211db98e869df76230a137c4c40a12d72445c45d5f5b716f076e2fd"
            ],
            "markers": "python_version >= '2.7' and python_version not in '3.0, 3.1, 3.2, 3.3, 3.4'",
            "version": "==21.4.0"
        },
        "black": {
            "hashes": [
                "sha256:380f1b5da05e5a1429225676655dddb96f5ae8c75bdf91e53d798871b902a115",
                "sha256:7de4cfc7eb6b710de325712d40125689101d21d25283eed7e9998722cf10eb91"
            ],
            "index": "pypi",
            "version": "==21.9b0"
        },
        "certifi": {
            "hashes": [
                "sha256:78884e7c1d4b00ce3cea67b44566851c4343c120abd683433ce934a68ea58872",
                "sha256:d62a0163eb4c2344ac042ab2bdf75399a71a2d8c7d47eac2e2ee91b9d6339569"
            ],
            "version": "==2021.10.8"
        },
        "charset-normalizer": {
            "hashes": [
                "sha256:2857e29ff0d34db842cd7ca3230549d1a697f96ee6d3fb071cfa6c7393832597",
                "sha256:6881edbebdb17b39b4eaaa821b438bf6eddffb4468cf344f09f89def34a8b1df"
            ],
            "markers": "python_version >= '3'",
            "version": "==2.0.12"
        },
        "click": {
            "hashes": [
                "sha256:7682dc8afb30297001674575ea00d1814d808d6a36af415a82bd481d37ba7b8e",
                "sha256:bb4d8133cb15a609f44e8213d9b391b0809795062913b383c62be0ee95b1db48"
            ],
            "markers": "python_version >= '3.7'",
            "version": "==8.1.3"
        },
        "hexdump": {
            "hashes": [
                "sha256:d781a43b0c16ace3f9366aade73e8ad3a7bd5137d58f0b45ab2d3f54876f20db"
            ],
            "index": "pypi",
            "version": "==3.3"
        },
        "idna": {
            "hashes": [
                "sha256:84d9dd047ffa80596e0f246e2eab0b391788b0503584e8945f2368256d2735ff",
                "sha256:9d643ff0a55b762d5cdb124b8eaa99c66322e2157b69160bc32796e824360e6d"
            ],
            "markers": "python_version >= '3'",
            "version": "==3.3"
        },
        "iniconfig": {
            "hashes": [
                "sha256:011e24c64b7f47f6ebd835bb12a743f2fbe9a26d4cecaa7f53bc4f35ee9da8b3",
                "sha256:bc3af051d7d14b2ee5ef9969666def0cd1a000e121eaea580d4a313df4b37f32"
            ],
            "version": "==1.1.1"
        },
        "mypy-extensions": {
            "hashes": [
                "sha256:090fedd75945a69ae91ce1303b5824f428daf5a028d2f6ab8a299250a846f15d",
                "sha256:2d82818f5bb3e369420cb3c4060a7970edba416647068eb4c5343488a6c604a8"
            ],
            "version": "==0.4.3"
        },
        "packaging": {
            "hashes": [
                "sha256:dd47c42927d89ab911e606518907cc2d3a1f38bbd026385970643f9c5b8ecfeb",
                "sha256:ef103e05f519cdc783ae24ea4e2e0f508a9c99b2d4969652eed6a2e1ea5bd522"
            ],
            "markers": "python_version >= '3.6'",
            "version": "==21.3"
        },
        "pathspec": {
            "hashes": [
                "sha256:7d15c4ddb0b5c802d161efc417ec1a2558ea2653c2e8ad9c19098201dc1c993a",
                "sha256:e564499435a2673d586f6b2130bb5b95f04a3ba06f81b8f895b651a3c76aabb1"
            ],
            "version": "==0.9.0"
        },
        "pdf2image": {
            "hashes": [
                "sha256:84f79f2b8fad943e36323ea4e937fcb05f26ded0caa0a01181df66049e42fb65",
                "sha256:d58ed94d978a70c73c2bb7fdf8acbaf2a7089c29ff8141be5f45433c0c4293bb"
            ],
            "index": "pypi",
            "version": "==1.16.0"
        },
        "pillow": {
            "hashes": [
                "sha256:011233e0c42a4a7836498e98c1acf5e744c96a67dd5032a6f666cc1fb97eab97",
                "sha256:0f29d831e2151e0b7b39981756d201f7108d3d215896212ffe2e992d06bfe049",
                "sha256:12875d118f21cf35604176872447cdb57b07126750a33748bac15e77f90f1f9c",
                "sha256:14d4b1341ac07ae07eb2cc682f459bec932a380c3b122f5540432d8977e64eae",
                "sha256:1c3c33ac69cf059bbb9d1a71eeaba76781b450bc307e2291f8a4764d779a6b28",
                "sha256:1d19397351f73a88904ad1aee421e800fe4bbcd1aeee6435fb62d0a05ccd1030",
                "sha256:253e8a302a96df6927310a9d44e6103055e8fb96a6822f8b7f514bb7ef77de56",
                "sha256:2632d0f846b7c7600edf53c48f8f9f1e13e62f66a6dbc15191029d950bfed976",
                "sha256:335ace1a22325395c4ea88e00ba3dc89ca029bd66bd5a3c382d53e44f0ccd77e",
                "sha256:413ce0bbf9fc6278b2d63309dfeefe452835e1c78398efb431bab0672fe9274e",
                "sha256:5100b45a4638e3c00e4d2320d3193bdabb2d75e79793af7c3eb139e4f569f16f",
                "sha256:514ceac913076feefbeaf89771fd6febde78b0c4c1b23aaeab082c41c694e81b",
                "sha256:528a2a692c65dd5cafc130de286030af251d2ee0483a5bf50c9348aefe834e8a",
                "sha256:6295f6763749b89c994fcb6d8a7f7ce03c3992e695f89f00b741b4580b199b7e",
                "sha256:6c8bc8238a7dfdaf7a75f5ec5a663f4173f8c367e5a39f87e720495e1eed75fa",
                "sha256:718856856ba31f14f13ba885ff13874be7fefc53984d2832458f12c38205f7f7",
                "sha256:7f7609a718b177bf171ac93cea9fd2ddc0e03e84d8fa4e887bdfc39671d46b00",
                "sha256:80ca33961ced9c63358056bd08403ff866512038883e74f3a4bf88ad3eb66838",
                "sha256:80fe64a6deb6fcfdf7b8386f2cf216d329be6f2781f7d90304351811fb591360",
                "sha256:81c4b81611e3a3cb30e59b0cf05b888c675f97e3adb2c8672c3154047980726b",
                "sha256:855c583f268edde09474b081e3ddcd5cf3b20c12f26e0d434e1386cc5d318e7a",
                "sha256:9bfdb82cdfeccec50aad441afc332faf8606dfa5e8efd18a6692b5d6e79f00fd",
                "sha256:a5d24e1d674dd9d72c66ad3ea9131322819ff86250b30dc5821cbafcfa0b96b4",
                "sha256:a9f44cd7e162ac6191491d7249cceb02b8116b0f7e847ee33f739d7cb1ea1f70",
                "sha256:b5b3f092fe345c03bca1e0b687dfbb39364b21ebb8ba90e3fa707374b7915204",
                "sha256:b9618823bd237c0d2575283f2939655f54d51b4527ec3972907a927acbcc5bfc",
                "sha256:cef9c85ccbe9bee00909758936ea841ef12035296c748aaceee535969e27d31b",
                "sha256:d21237d0cd37acded35154e29aec853e945950321dd2ffd1a7d86fe686814669",
                "sha256:d3c5c79ab7dfce6d88f1ba639b77e77a17ea33a01b07b99840d6ed08031cb2a7",
                "sha256:d9d7942b624b04b895cb95af03a23407f17646815495ce4547f0e60e0b06f58e",
                "sha256:db6d9fac65bd08cea7f3540b899977c6dee9edad959fa4eaf305940d9cbd861c",
                "sha256:ede5af4a2702444a832a800b8eb7f0a7a1c0eed55b644642e049c98d589e5092",
                "sha256:effb7749713d5317478bb3acb3f81d9d7c7f86726d41c1facca068a04cf5bb4c",
                "sha256:f154d173286a5d1863637a7dcd8c3437bb557520b01bddb0be0258dcb72696b5",
                "sha256:f25ed6e28ddf50de7e7ea99d7a976d6a9c415f03adcaac9c41ff6ff41b6d86ac"
            ],
            "index": "pypi",
            "version": "==9.0.1"
        },
        "platformdirs": {
            "hashes": [
                "sha256:027d8e83a2d7de06bbac4e5ef7e023c02b863d7ea5d079477e722bb41ab25788",
                "sha256:58c8abb07dcb441e6ee4b11d8df0ac856038f944ab98b7be6b27b2a3c7feef19"
            ],
            "markers": "python_version >= '3.7'",
            "version": "==2.5.2"
        },
        "pluggy": {
            "hashes": [
                "sha256:4224373bacce55f955a878bf9cfa763c1e360858e330072059e10bad68531159",
                "sha256:74134bbf457f031a36d68416e1509f34bd5ccc019f0bcc952c7b909d06b37bd3"
            ],
            "markers": "python_version >= '3.6'",
            "version": "==1.0.0"
        },
        "py": {
            "hashes": [
                "sha256:51c75c4126074b472f746a24399ad32f6053d1b34b68d2fa41e558e6f4a98719",
                "sha256:607c53218732647dff4acdfcd50cb62615cedf612e72d1724fb1a0cc6405b378"
            ],
            "markers": "python_version >= '2.7' and python_version not in '3.0, 3.1, 3.2, 3.3, 3.4'",
            "version": "==1.11.0"
        },
        "pyparsing": {
            "hashes": [
                "sha256:2b020ecf7d21b687f219b71ecad3631f644a47f01403fa1d1036b0c6416d70fb",
                "sha256:5026bae9a10eeaefb61dab2f09052b9f4307d44aee4eda64b309723d8d206bbc"
            ],
            "markers": "python_full_version >= '3.6.8'",
            "version": "==3.0.9"
        },
        "pytest": {
            "hashes": [
                "sha256:131b36680866a76e6781d13f101efb86cf674ebb9762eb70d3082b6f29889e89",
                "sha256:7310f8d27bc79ced999e760ca304d69f6ba6c6649c0b60fb0e04a4a77cacc134"
            ],
            "index": "pypi",
            "version": "==6.2.5"
        },
        "regex": {
            "hashes": [
                "sha256:02543d6d5c32d361b7cc468079ba4cddaaf4a6544f655901ba1ff9d8e3f18755",
                "sha256:036d1c1fbe69eba3ee253c107e71749cdbb4776db93d674bc0d5e28f30300734",
                "sha256:071bcb625e890f28b7c4573124a6512ea65107152b1d3ca101ce33a52dad4593",
                "sha256:0f8da3145f4b72f7ce6181c804eaa44cdcea313c8998cdade3d9e20a8717a9cb",
                "sha256:0fb6cb16518ac7eff29d1e0b0cce90275dfae0f17154165491058c31d58bdd1d",
                "sha256:0fd464e547dbabf4652ca5fe9d88d75ec30182981e737c07b3410235a44b9939",
                "sha256:12af15b6edb00e425f713160cfd361126e624ec0de86e74f7cad4b97b7f169b3",
                "sha256:165cc75cfa5aa0f12adb2ac6286330e7229a06dc0e6c004ec35da682b5b89579",
                "sha256:1a07e8366115069f26822c47732122ab61598830a69f5629a37ea8881487c107",
                "sha256:1c2de7f32fa87d04d40f54bce3843af430697aba51c3a114aa62837a0772f219",
                "sha256:253f858a0255cd91a0424a4b15c2eedb12f20274f85731b0d861c8137e843065",
                "sha256:275afc7352982ee947fc88f67a034b52c78395977b5fc7c9be15f7dc95b76f06",
                "sha256:2bde99f2cdfd6db1ec7e02d68cadd384ffe7413831373ea7cc68c5415a0cb577",
                "sha256:3241db067a7f69da57fba8bca543ac8a7ca415d91e77315690202749b9fdaba1",
                "sha256:37903d5ca11fa47577e8952d2e2c6de28553b11c70defee827afb941ab2c6729",
                "sha256:3dfbadb7b74d95f72f9f9dbf9778f7de92722ab520a109ceaf7927461fa85b10",
                "sha256:3e35c50b27f36176c792738cb9b858523053bc495044d2c2b44db24376b266f1",
                "sha256:3e9e983fc8e0d4d5ded7caa5aed39ca2cf6026d7e39801ef6f0af0b1b6cd9276",
                "sha256:3f6bd8178cce5bb56336722d5569d19c50bba5915a69a2050c497fb921e7cb0f",
                "sha256:43ee0df35925ae4b0cc6ee3f60b73369e559dd2ac40945044da9394dd9d3a51d",
                "sha256:45b761406777a681db0c24686178532134c937d24448d9e085279b69e9eb7da4",
                "sha256:46cbc5b23f85e94161b093dba1b49035697cf44c7db3c930adabfc0e6d861b95",
                "sha256:4f2e2cef324ca9355049ee1e712f68e2e92716eba24275e6767b9bfa15f1f478",
                "sha256:50b77622016f03989cd06ecf6b602c7a6b4ed2e3ce04133876b041d109c934ee",
                "sha256:582ea06079a03750b5f71e20a87cd99e646d796638b5894ff85987ebf5e04924",
                "sha256:58521abdab76583bd41ef47e5e2ddd93b32501aee4ee8cee71dee10a45ba46b1",
                "sha256:5b9c7b6895a01204296e9523b3e12b43e013835a9de035a783907c2c1bc447f0",
                "sha256:6165e737acb3bea3271372e8aa5ebe7226c8a8e8da1b94af2d6547c5a09d689d",
                "sha256:66fb765b2173d90389384708e3e1d3e4be1148bd8d4d50476b1469da5a2f0229",
                "sha256:68aed3fb0c61296bd6d234f558f78c51671f79ccb069cbcd428c2eea6fee7a5b",
                "sha256:6a0ef57cccd8089b4249eebad95065390e56c04d4a92c51316eab4131bca96a9",
                "sha256:709396c0c95b95045fac89b94f997410ff39b81a09863fe21002f390d48cc7d3",
                "sha256:73ed1b06abadbf6b61f6033a07c06f36ec0ddca117e41ef2ac37056705e46458",
                "sha256:7a608022f4593fc67518c6c599ae5abdb03bb8acd75993c82cd7a4c8100eff81",
                "sha256:7c4d9770e579eb11b582b2e2fd19fa204a15cb1589ae73cd4dcbb63b64f3e828",
                "sha256:7dbc96419ef0fb6ac56626014e6d3a345aeb8b17a3df8830235a88626ffc8d84",
                "sha256:7f271d0831d8ebc56e17b37f9fa1824b0379221d1238ae77c18a6e8c47f1fdce",
                "sha256:82b7fc67e49fdce671bdbec1127189fc979badf062ce6e79dc95ef5e07a8bf92",
                "sha256:85b7ee4d0c7a46296d884f6b489af8b960c4291d76aea4b22fd4fbe05e6ec08e",
                "sha256:8b747cef8e5dcdaf394192d43a0c02f5825aeb0ecd3d43e63ae500332ab830b0",
                "sha256:8bf867ba71856414a482e4b683500f946c300c4896e472e51d3db8dfa8dc8f32",
                "sha256:8e0da7ef160d4f3eb3d4d3e39a02c3c42f7dbcfce62c81f784cc99fc7059765f",
                "sha256:8e7d33f93cdd01868327d834d0f5bb029241cd293b47d51b96814dec27fc9b4b",
                "sha256:92183e9180c392371079262879c6532ccf55f808e6900df5d9f03c9ca8807255",
                "sha256:92ad03f928675ca05b79d3b1d3dfc149e2226d57ed9d57808f82105d511d0212",
                "sha256:97af238389cb029d63d5f2d931a7e8f5954ad96e812de5faaed373b68e74df86",
                "sha256:9913bcf730eb6e9b441fb176832eea9acbebab6035542c7c89d90c803f5cd3be",
                "sha256:9dae5affbb66178dad6c6fd5b02221ca9917e016c75ee3945e9a9563eb1fbb6f",
                "sha256:a850f5f369f1e3b6239da7fb43d1d029c1e178263df671819889c47caf7e4ff3",
                "sha256:aa6daa189db9104787ff1fd7a7623ce017077aa59eaac609d0d25ba95ed251a0",
                "sha256:aabc28f7599f781ddaeac168d0b566d0db82182cc3dcf62129f0a4fc2927b811",
                "sha256:af1e687ffab18a75409e5e5d6215b6ccd41a5a1a0ea6ce9665e01253f737a0d3",
                "sha256:b1d53835922cd0f9b74b2742453a444865a70abae38d12eb41c59271da66f38d",
                "sha256:b2df3ede85d778c949d9bd2a50237072cee3df0a423c91f5514f78f8035bde87",
                "sha256:b415b82e5be7389ec5ee7ee35431e4a549ea327caacf73b697c6b3538cb5c87f",
                "sha256:b7ba3c304a4a5d8112dbd30df8b3e4ef59b4b07807957d3c410d9713abaee9a8",
                "sha256:bcc6f7a3a95119c3568c572ca167ada75f8319890706283b9ba59b3489c9bcb3",
                "sha256:be392d9cd5309509175a9d7660dc17bf57084501108dbff0c5a8bfc3646048c3",
                "sha256:bea61de0c688198e3d9479344228c7accaa22a78b58ec408e41750ebafee6c08",
                "sha256:bedb3d01ad35ea1745bdb1d57f3ee0f996f988c98f5bbae9d068c3bb3065d210",
                "sha256:c36906a7855ec33a9083608e6cd595e4729dab18aeb9aad0dd0b039240266239",
                "sha256:c4fdf837666f7793a5c3cfa2f2f39f03eb6c7e92e831bc64486c2f547580c2b3",
                "sha256:cfad3a770839aa456ff9a9aa0e253d98b628d005a3ccb37da1ff9be7c84fee16",
                "sha256:d128e278e5e554c5c022c7bed410ca851e00bacebbb4460de546a73bc53f8de4",
                "sha256:dffd9114ade73137ab2b79a8faf864683dbd2dbbb6b23a305fbbd4cbaeeb2187",
                "sha256:e2acf5c66fbb62b5fe4c40978ddebafa50818f00bf79d60569d9762f6356336e",
                "sha256:e65580ae3137bce712f505ec7c2d700aef0014a3878c4767b74aff5895fc454f",
                "sha256:e944268445b5694f5d41292c9228f0ca46d5a32a67f195d5f8547c1f1d91f4bc",
                "sha256:ed26c3d2d62c6588e0dad175b8d8cc0942a638f32d07b80f92043e5d73b7db67",
                "sha256:ed625205f5f26984382b68e4cbcbc08e6603c9e84c14b38457170b0cc71c823b",
                "sha256:f2a5d9f612091812dee18375a45d046526452142e7b78c4e21ab192db15453d5",
                "sha256:f86aef546add4ff1202e1f31e9bb54f9268f17d996b2428877283146bf9bc013",
                "sha256:f89d26e50a4c7453cb8c415acd09e72fbade2610606a9c500a1e48c43210a42d",
                "sha256:fb7107faf0168de087f62a2f2ed00f9e9da12e0b801582b516ddac236b871cda"
            ],
            "markers": "python_version >= '3.6'",
            "version": "==2022.4.24"
        },
        "requests": {
            "hashes": [
                "sha256:6c1246513ecd5ecd4528a0906f910e8f0f9c6b8ec72030dc9fd154dc1a6efd24",
                "sha256:b8aa58f8cf793ffd8782d3d8cb19e66ef36f7aba4353eec859e74678b01b07a7"
            ],
            "index": "pypi",
            "version": "==2.26.0"
        },
        "requests-futures": {
            "hashes": [
                "sha256:35547502bf1958044716a03a2f47092a89efe8f9789ab0c4c528d9c9c30bc148",
                "sha256:633804c773b960cef009efe2a5585483443c6eac3c39cc64beba2884013bcdd9"
            ],
            "index": "pypi",
            "version": "==1.0.0"
        },
        "toml": {
            "hashes": [
                "sha256:806143ae5bfb6a3c6e736a764057db0e6a0e05e338b5630894a5f779cabb4f9b",
                "sha256:b3bda1d108d5dd99f4a20d24d9c348e91c4db7ab1b749200bded2f839ccbe68f"
            ],
            "markers": "python_version >= '2.6' and python_version not in '3.0, 3.1, 3.2, 3.3'",
            "version": "==0.10.2"
        },
        "tomli": {
            "hashes": [
                "sha256:05b6166bff487dc068d322585c7ea4ef78deed501cc124060e0f238e89a9231f",
                "sha256:e3069e4be3ead9668e21cb9b074cd948f7b3113fd9c8bba083f48247aab8b11c"
            ],
            "markers": "python_version >= '3.6'",
            "version": "==1.2.3"
        },
        "typing-extensions": {
            "hashes": [
                "sha256:6657594ee297170d19f67d55c05852a874e7eb634f4f753dbd667855e07c1708",
                "sha256:f1c24655a0da0d1b67f07e17a5e6b2a105894e6824b92096378bb3668ef02376"
            ],
            "markers": "python_version >= '3.7'",
            "version": "==4.2.0"
        },
        "urllib3": {
            "hashes": [
                "sha256:4987c65554f7a2dbf30c18fd48778ef124af6fab771a377103da0585e2336ece",
                "sha256:c4fdf4019605b6e5423637e01bc9fe4daef873709a7973e195ceba0a62bbc844"
            ],
            "index": "pypi",
            "version": "==1.26.7"
        }
    }
}
